
Microsoft Visual Studio Solution File, Format Version 12.00
# Visual Studio Version 16
VisualStudioVersion = 16.0.31729.503
MinimumVisualStudioVersion = 10.0.40219.1
Project("{FAE04EC0-301F-11D3-BF4B-00C04F79EFBC}") = "eCommerce", "eCommerce\eCommerce.csproj", "{D8071274-6ED5-4367-9D2A-17E76A69CD72}"
EndProject
Global
	GlobalSection(SolutionConfigurationPlatforms) = preSolution
		Debug|Any CPU = Debug|Any CPU
		Release|Any CPU = Release|Any CPU
	EndGlobalSection
	GlobalSection(ProjectConfigurationPlatforms) = postSolution
		{D8071274-6ED5-4367-9D2A-17E76A69CD72}.Debug|Any CPU.ActiveCfg = Debug|Any CPU
		{D8071274-6ED5-4367-9D2A-17E76A69CD72}.Debug|Any CPU.Build.0 = Debug|Any CPU
		{D8071274-6ED5-4367-9D2A-17E76A69CD72}.Release|Any CPU.ActiveCfg = Release|Any CPU
		{D8071274-6ED5-4367-9D2A-17E76A69CD72}.Release|Any CPU.Build.0 = Release|Any CPU
	EndGlobalSection
	GlobalSection(SolutionProperties) = preSolution
		HideSolutionNode = FALSE
	EndGlobalSection
	GlobalSection(ExtensibilityGlobals) = postSolution
		SolutionGuid = {4A6DCA91-5A74-47F8-BBEC-13977EAB6F6B}
	EndGlobalSection
EndGlobal
